
Microsoft Visual Studio Solution File, Format Version 12.00
# Visual Studio Version 17
VisualStudioVersion = 17.6.33829.357
MinimumVisualStudioVersion = 10.0.40219.1
Project("{FAE04EC0-301F-11D3-BF4B-00C04F79EFBC}") = "isoftApp", "isoftApp\isoftApp.csproj", "{C1E788DF-52E0-4373-9485-41C32DC3D61B}"
EndProject
Global
	GlobalSection(SolutionConfigurationPlatforms) = preSolution
		Debug|Any CPU = Debug|Any CPU
		Release|Any CPU = Release|Any CPU
	EndGlobalSection
	GlobalSection(ProjectConfigurationPlatforms) = postSolution
		{C1E788DF-52E0-4373-9485-41C32DC3D61B}.Debug|Any CPU.ActiveCfg = Debug|Any CPU
		{C1E788DF-52E0-4373-9485-41C32DC3D61B}.Debug|Any CPU.Build.0 = Debug|Any CPU
		{C1E788DF-52E0-4373-9485-41C32DC3D61B}.Release|Any CPU.ActiveCfg = Release|Any CPU
		{C1E788DF-52E0-4373-9485-41C32DC3D61B}.Release|Any CPU.Build.0 = Release|Any CPU
	EndGlobalSection
	GlobalSection(SolutionProperties) = preSolution
		HideSolutionNode = FALSE
	EndGlobalSection
	GlobalSection(ExtensibilityGlobals) = postSolution
		SolutionGuid = {E6CF247B-E53E-4063-B88F-54F3BD91B67A}
	EndGlobalSection
EndGlobal
